
Microsoft Visual Studio Solution File, Format Version 12.00
# Visual Studio Version 17
VisualStudioVersion = 17.2.32505.173
MinimumVisualStudioVersion = 10.0.40219.1
Project("{FAE04EC0-301F-11D3-BF4B-00C04F79EFBC}") = "laba4", "laba4\laba4.csproj", "{A7AC9B1C-B412-4B47-8FB4-C1C53B5BC4C4}"
EndProject
Global
	GlobalSection(SolutionConfigurationPlatforms) = preSolution
		Debug|Any CPU = Debug|Any CPU
		Release|Any CPU = Release|Any CPU
	EndGlobalSection
	GlobalSection(ProjectConfigurationPlatforms) = postSolution
		{A7AC9B1C-B412-4B47-8FB4-C1C53B5BC4C4}.Debug|Any CPU.ActiveCfg = Debug|Any CPU
		{A7AC9B1C-B412-4B47-8FB4-C1C53B5BC4C4}.Debug|Any CPU.Build.0 = Debug|Any CPU
		{A7AC9B1C-B412-4B47-8FB4-C1C53B5BC4C4}.Release|Any CPU.ActiveCfg = Release|Any CPU
		{A7AC9B1C-B412-4B47-8FB4-C1C53B5BC4C4}.Release|Any CPU.Build.0 = Release|Any CPU
	EndGlobalSection
	GlobalSection(SolutionProperties) = preSolution
		HideSolutionNode = FALSE
	EndGlobalSection
	GlobalSection(ExtensibilityGlobals) = postSolution
		SolutionGuid = {E3F6BF41-3B98-46C7-A03A-D238A94C1651}
	EndGlobalSection
EndGlobal
